
Microsoft Visual Studio Solution File, Format Version 12.00
# Visual Studio Version 17
VisualStudioVersion = 17.10.35027.167
MinimumVisualStudioVersion = 10.0.40219.1
Project("{9A19103F-16F7-4668-BE54-9A1E7A4F7556}") = "DAL", "DAL\DAL.csproj", "{82E09BC2-5806-4626-8592-64DB7033A554}"
EndProject
Project("{9A19103F-16F7-4668-BE54-9A1E7A4F7556}") = "Service Layer", "Service Layer\Service Layer.csproj", "{525DB506-7105-484B-982F-A1EBFB269AF0}"
EndProject
Project("{FAE04EC0-301F-11D3-BF4B-00C04F79EFBC}") = "UI Layer", "UI Layer\UI Layer.csproj", "{35642242-A393-445E-91C6-B4CCBDFB40ED}"
EndProject
Global
	GlobalSection(SolutionConfigurationPlatforms) = preSolution
		Debug|Any CPU = Debug|Any CPU
		Release|Any CPU = Release|Any CPU
	EndGlobalSection
	GlobalSection(ProjectConfigurationPlatforms) = postSolution
		{82E09BC2-5806-4626-8592-64DB7033A554}.Debug|Any CPU.ActiveCfg = Debug|Any CPU
		{82E09BC2-5806-4626-8592-64DB7033A554}.Debug|Any CPU.Build.0 = Debug|Any CPU
		{82E09BC2-5806-4626-8592-64DB7033A554}.Release|Any CPU.ActiveCfg = Release|Any CPU
		{82E09BC2-5806-4626-8592-64DB7033A554}.Release|Any CPU.Build.0 = Release|Any CPU
		{525DB506-7105-484B-982F-A1EBFB269AF0}.Debug|Any CPU.ActiveCfg = Debug|Any CPU
		{525DB506-7105-484B-982F-A1EBFB269AF0}.Debug|Any CPU.Build.0 = Debug|Any CPU
		{525DB506-7105-484B-982F-A1EBFB269AF0}.Release|Any CPU.ActiveCfg = Release|Any CPU
		{525DB506-7105-484B-982F-A1EBFB269AF0}.Release|Any CPU.Build.0 = Release|Any CPU
		{35642242-A393-445E-91C6-B4CCBDFB40ED}.Debug|Any CPU.ActiveCfg = Debug|Any CPU
		{35642242-A393-445E-91C6-B4CCBDFB40ED}.Debug|Any CPU.Build.0 = Debug|Any CPU
		{35642242-A393-445E-91C6-B4CCBDFB40ED}.Release|Any CPU.ActiveCfg = Release|Any CPU
		{35642242-A393-445E-91C6-B4CCBDFB40ED}.Release|Any CPU.Build.0 = Release|Any CPU
	EndGlobalSection
	GlobalSection(SolutionProperties) = preSolution
		HideSolutionNode = FALSE
	EndGlobalSection
	GlobalSection(ExtensibilityGlobals) = postSolution
		SolutionGuid = {39510EC7-2484-44F2-927A-C1BD27D2DF95}
	EndGlobalSection
EndGlobal
